{
  "originHash" : "8f786fe43930a2a4fe678adfa715380f074880b7853b11d12476a911cb834899",
  "pins" : [
    {
      "identity" : "swift-collections",
      "kind" : "remoteSourceControl",
      "location" : "https://github.com/apple/swift-collections.git",
      "state" : {
        "branch" : "main",
        "revision" : "4d5a06f10c63d584194b575406b9f8e7771aaa68"
      }
    }
  ],
  "version" : 3
}
